version = 1
revision = 3
requires-python = ">=3.13"

[manifest]

[manifest.dependency-groups]
dev = [{ name = "starlette", specifier = ">=1.2.1" }]

[[package]]
name = "anyio"
version = "4.13.0"
source = { registry = "https://pypi.org/simple" }
dependencies = [
    { name = "idna" },
]
sdist = { url = "https://files.pythonhosted.org/packages/19/14/2c5dd9f512b66549ae92767a9c7b330ae88e1932ca57876909410251fe13/anyio-4.13.0.tar.gz", hash = "sha256:334b70e641fd2221c1505b3890c69882fe4a2df910cba14d97019b90b24439dc", size = 231622, upload-time = "2026-03-24T12:59:09.671Z" }
wheels = [
    { url = "https://files.pythonhosted.org/packages/da/42/e921fccf5015463e32a3cf6ee7f980a6ed0f395ceeaa45060b61d86486c2/anyio-4.13.0-py3-none-any.whl", hash = "sha256:08b310f9e24a9594186fd75b4f73f4a4152069e3853f1ed8bfbf58369f4ad708", size = 114353, upload-time = "2026-03-24T12:59:08.246Z" },
]

[[package]]
name = "idna"
version = "3.17"
source = { registry = "https://pypi.org/simple" }
sdist = { url = "https://files.pythonhosted.org/packages/b9/28/99c51f664567218d824af024c0251650fb27e4ca066df188dab0769c5b91/idna-3.17.tar.gz", hash = "sha256:5eb0cb53bc467c12eadcf6de83163ad8527cec9416f44b9b61b19caedad2b87f", size = 196048, upload-time = "2026-05-28T14:32:38.55Z" }
wheels = [
    { url = "https://files.pythonhosted.org/packages/de/a7/f76514cc40ad6234098ecdebda08732d75964776c51a42845b7da10649e2/idna-3.17-py3-none-any.whl", hash = "sha256:466e48829084efe2548012b855df21540b96f2e20e51bd124c851536556a592c", size = 65316, upload-time = "2026-05-28T14:32:37.035Z" },
]

[[package]]
name = "starlette"
version = "1.2.1"
source = { registry = "https://pypi.org/simple" }
dependencies = [
    { name = "anyio" },
]
sdist = { url = "https://files.pythonhosted.org/packages/25/44/ec35f1b6e83094b997da438a02c8c9b0ade2b1e84cfc48bd4656780760a6/starlette-1.2.1.tar.gz", hash = "sha256:9b9b5ebb992e67d6093741e63c2f59e4f6fff986f81163c087867bd7b924b3f6", size = 2701854, upload-time = "2026-05-31T01:07:51.847Z" }
wheels = [
    { url = "https://files.pythonhosted.org/packages/1c/54/196d0c1db10af76baa4f64894448505d60d3cdf70ef92cbb35f46a4e4c71/starlette-1.2.1-py3-none-any.whl", hash = "sha256:4de0082d08c8f6764a85a54cf1120d6939507a19905c7768acad2a9f875d2b89", size = 73350, upload-time = "2026-05-31T01:07:50.09Z" },
]
