Microsoft Visual Studio Solution File, Format Version 12.00
# Visual Studio Version 17
VisualStudioVersion = 17.0.31903.59
MinimumVisualStudioVersion = 10.0.40219.1
Project("{FAE04EC0-301F-11D3-BF4B-00C04F79EFBC}") = "UniClaw.Runtime", "UniClaw.Runtime\UniClaw.Runtime.csproj", "{FB7D8606-06C2-4523-9CDA-BBB2C634762B}"
EndProject
Project("{FAE04EC0-301F-11D3-BF4B-00C04F79EFBC}") = "UniClaw.Runtime.Tests", "..\tests\UniClaw.Runtime.Tests\UniClaw.Runtime.Tests.csproj", "{0C215E2A-BB23-4C6A-AB95-C1071EBE4E24}"
EndProject
Global
	GlobalSection(SolutionConfigurationPlatforms) = preSolution
		Debug|Any CPU = Debug|Any CPU
		Release|Any CPU = Release|Any CPU
	EndGlobalSection
	GlobalSection(ProjectConfigurationPlatforms) = postSolution
		{FB7D8606-06C2-4523-9CDA-BBB2C634762B}.Debug|Any CPU.ActiveCfg = Debug|Any CPU
		{FB7D8606-06C2-4523-9CDA-BBB2C634762B}.Debug|Any CPU.Build.0 = Debug|Any CPU
		{FB7D8606-06C2-4523-9CDA-BBB2C634762B}.Release|Any CPU.ActiveCfg = Release|Any CPU
		{FB7D8606-06C2-4523-9CDA-BBB2C634762B}.Release|Any CPU.Build.0 = Release|Any CPU
		{0C215E2A-BB23-4C6A-AB95-C1071EBE4E24}.Debug|Any CPU.ActiveCfg = Debug|Any CPU
		{0C215E2A-BB23-4C6A-AB95-C1071EBE4E24}.Debug|Any CPU.Build.0 = Debug|Any CPU
		{0C215E2A-BB23-4C6A-AB95-C1071EBE4E24}.Release|Any CPU.ActiveCfg = Release|Any CPU
		{0C215E2A-BB23-4C6A-AB95-C1071EBE4E24}.Release|Any CPU.Build.0 = Release|Any CPU
	EndGlobalSection
	GlobalSection(SolutionProperties) = preSolution
		HideSolutionNode = FALSE
	EndGlobalSection
EndGlobal
