
Microsoft Visual Studio Solution File, Format Version 12.00
# Visual Studio Version 17
VisualStudioVersion = 17.0.31903.59
MinimumVisualStudioVersion = 10.0.40219.1
Project("{FAE04EC0-301F-11D3-BF4B-00C04F79EFBC}") = "UniClaw.Runtime", "UniClaw.Runtime\UniClaw.Runtime.csproj", "{FB7D8606-06C2-4523-9CDA-BBB2C634762B}"
EndProject
Project("{FAE04EC0-301F-11D3-BF4B-00C04F79EFBC}") = "UniClaw.Semantic.Settings", "UniClaw.Semantic.Settings\UniClaw.Semantic.Settings.csproj", "{C6AA0FD0-4B8B-4F69-93B2-78E1A7C0C47A}"
EndProject
Project("{FAE04EC0-301F-11D3-BF4B-00C04F79EFBC}") = "UniClaw.Runtime.Tests", "..\tests\UniClaw.Runtime.Tests\UniClaw.Runtime.Tests.csproj", "{0C215E2A-BB23-4C6A-AB95-C1071EBE4E24}"
EndProject
Project("{FAE04EC0-301F-11D3-BF4B-00C04F79EFBC}") = "UniClaw.Runtime.Adapters", "UniClaw.Runtime.Adapters\UniClaw.Runtime.Adapters.csproj", "{7046066E-8308-49A2-BDD9-B11DF22C2257}"
EndProject
Project("{FAE04EC0-301F-11D3-BF4B-00C04F79EFBC}") = "UniClaw.Runtime.Harness", "UniClaw.Runtime.Harness\UniClaw.Runtime.Harness.csproj", "{6F271229-3375-46D1-91CF-83F4128AB145}"
EndProject
Project("{FAE04EC0-301F-11D3-BF4B-00C04F79EFBC}") = "UniClaw.Vision.Host", "UniClaw.Vision.Host\UniClaw.Vision.Host.csproj", "{287D9DB4-2EF1-43F9-9193-7BB0F06ECD93}"
EndProject
Project("{FAE04EC0-301F-11D3-BF4B-00C04F79EFBC}") = "UniClaw.Runtime.PhysicalHost", "UniClaw.Runtime.PhysicalHost\UniClaw.Runtime.PhysicalHost.csproj", "{A91F3C22-4E7B-4D6A-9C55-3B2E8D41F70A}"
EndProject
Project("{FAE04EC0-301F-11D3-BF4B-00C04F79EFBC}") = "UniClaw.Runtime.DriverHost", "UniClaw.Runtime.DriverHost\UniClaw.Runtime.DriverHost.csproj", "{A8B74A09-9C85-41D9-B9F4-105FD1C579A7}"
EndProject
Project("{FAE04EC0-301F-11D3-BF4B-00C04F79EFBC}") = "Semantic.Tests", "..\tests\Semantic\Semantic.Tests.csproj", "{E26C893D-78F7-4D01-A5EB-C2E8DAD2B77B}"
EndProject
Project("{FAE04EC0-301F-11D3-BF4B-00C04F79EFBC}") = "UniClaw.Semantic.Infrastructure", "UniClaw.Semantic.Infrastructure\UniClaw.Semantic.Infrastructure.csproj", "{60F29283-7C09-4D80-8827-2920E630E9D7}"
EndProject
Project("{FAE04EC0-301F-11D3-BF4B-00C04F79EFBC}") = "UniClaw.Settings.ValidationHost", "UniClaw.Settings.ValidationHost\UniClaw.Settings.ValidationHost.csproj", "{D13104D0-C558-461C-80AB-3333CBE5123E}"
EndProject
Project("{FAE04EC0-301F-11D3-BF4B-00C04F79EFBC}") = "UniClaw.Semantic.Android", "UniClaw.Semantic.Android\UniClaw.Semantic.Android.csproj", "{474665ED-460A-4CED-9F21-2D5E9C48FE26}"
EndProject
Project("{FAE04EC0-301F-11D3-BF4B-00C04F79EFBC}") = "UniClaw.Runtime.ValidationHarness", "UniClaw.Runtime.ValidationHarness\UniClaw.Runtime.ValidationHarness.csproj", "{F1217FA6-FCFD-4950-BEE7-22ADE3E4A6DB}"
EndProject
Global
	GlobalSection(SolutionConfigurationPlatforms) = preSolution
		Debug|Any CPU = Debug|Any CPU
		Debug|x64 = Debug|x64
		Debug|x86 = Debug|x86
		Release|Any CPU = Release|Any CPU
		Release|x64 = Release|x64
		Release|x86 = Release|x86
	EndGlobalSection
	GlobalSection(ProjectConfigurationPlatforms) = postSolution
		{FB7D8606-06C2-4523-9CDA-BBB2C634762B}.Debug|Any CPU.ActiveCfg = Debug|Any CPU
		{FB7D8606-06C2-4523-9CDA-BBB2C634762B}.Debug|Any CPU.Build.0 = Debug|Any CPU
		{FB7D8606-06C2-4523-9CDA-BBB2C634762B}.Debug|x64.ActiveCfg = Debug|Any CPU
		{FB7D8606-06C2-4523-9CDA-BBB2C634762B}.Debug|x64.Build.0 = Debug|Any CPU
		{FB7D8606-06C2-4523-9CDA-BBB2C634762B}.Debug|x86.ActiveCfg = Debug|Any CPU
		{FB7D8606-06C2-4523-9CDA-BBB2C634762B}.Debug|x86.Build.0 = Debug|Any CPU
		{FB7D8606-06C2-4523-9CDA-BBB2C634762B}.Release|Any CPU.ActiveCfg = Release|Any CPU
		{FB7D8606-06C2-4523-9CDA-BBB2C634762B}.Release|Any CPU.Build.0 = Release|Any CPU
		{FB7D8606-06C2-4523-9CDA-BBB2C634762B}.Release|x64.ActiveCfg = Release|Any CPU
		{FB7D8606-06C2-4523-9CDA-BBB2C634762B}.Release|x64.Build.0 = Release|Any CPU
		{FB7D8606-06C2-4523-9CDA-BBB2C634762B}.Release|x86.ActiveCfg = Release|Any CPU
		{FB7D8606-06C2-4523-9CDA-BBB2C634762B}.Release|x86.Build.0 = Release|Any CPU
		{C6AA0FD0-4B8B-4F69-93B2-78E1A7C0C47A}.Debug|Any CPU.ActiveCfg = Debug|Any CPU
		{C6AA0FD0-4B8B-4F69-93B2-78E1A7C0C47A}.Debug|Any CPU.Build.0 = Debug|Any CPU
		{C6AA0FD0-4B8B-4F69-93B2-78E1A7C0C47A}.Debug|x64.ActiveCfg = Debug|Any CPU
		{C6AA0FD0-4B8B-4F69-93B2-78E1A7C0C47A}.Debug|x64.Build.0 = Debug|Any CPU
		{C6AA0FD0-4B8B-4F69-93B2-78E1A7C0C47A}.Debug|x86.ActiveCfg = Debug|Any CPU
		{C6AA0FD0-4B8B-4F69-93B2-78E1A7C0C47A}.Debug|x86.Build.0 = Debug|Any CPU
		{C6AA0FD0-4B8B-4F69-93B2-78E1A7C0C47A}.Release|Any CPU.ActiveCfg = Release|Any CPU
		{C6AA0FD0-4B8B-4F69-93B2-78E1A7C0C47A}.Release|Any CPU.Build.0 = Release|Any CPU
		{C6AA0FD0-4B8B-4F69-93B2-78E1A7C0C47A}.Release|x64.ActiveCfg = Release|Any CPU
		{C6AA0FD0-4B8B-4F69-93B2-78E1A7C0C47A}.Release|x64.Build.0 = Release|Any CPU
		{C6AA0FD0-4B8B-4F69-93B2-78E1A7C0C47A}.Release|x86.ActiveCfg = Release|Any CPU
		{C6AA0FD0-4B8B-4F69-93B2-78E1A7C0C47A}.Release|x86.Build.0 = Release|Any CPU
		{0C215E2A-BB23-4C6A-AB95-C1071EBE4E24}.Debug|Any CPU.ActiveCfg = Debug|Any CPU
		{0C215E2A-BB23-4C6A-AB95-C1071EBE4E24}.Debug|Any CPU.Build.0 = Debug|Any CPU
		{0C215E2A-BB23-4C6A-AB95-C1071EBE4E24}.Debug|x64.ActiveCfg = Debug|Any CPU
		{0C215E2A-BB23-4C6A-AB95-C1071EBE4E24}.Debug|x64.Build.0 = Debug|Any CPU
		{0C215E2A-BB23-4C6A-AB95-C1071EBE4E24}.Debug|x86.ActiveCfg = Debug|Any CPU
		{0C215E2A-BB23-4C6A-AB95-C1071EBE4E24}.Debug|x86.Build.0 = Debug|Any CPU
		{0C215E2A-BB23-4C6A-AB95-C1071EBE4E24}.Release|Any CPU.ActiveCfg = Release|Any CPU
		{0C215E2A-BB23-4C6A-AB95-C1071EBE4E24}.Release|Any CPU.Build.0 = Release|Any CPU
		{0C215E2A-BB23-4C6A-AB95-C1071EBE4E24}.Release|x64.ActiveCfg = Release|Any CPU
		{0C215E2A-BB23-4C6A-AB95-C1071EBE4E24}.Release|x64.Build.0 = Release|Any CPU
		{0C215E2A-BB23-4C6A-AB95-C1071EBE4E24}.Release|x86.ActiveCfg = Release|Any CPU
		{0C215E2A-BB23-4C6A-AB95-C1071EBE4E24}.Release|x86.Build.0 = Release|Any CPU
		{7046066E-8308-49A2-BDD9-B11DF22C2257}.Debug|Any CPU.ActiveCfg = Debug|Any CPU
		{7046066E-8308-49A2-BDD9-B11DF22C2257}.Debug|Any CPU.Build.0 = Debug|Any CPU
		{7046066E-8308-49A2-BDD9-B11DF22C2257}.Debug|x64.ActiveCfg = Debug|Any CPU
		{7046066E-8308-49A2-BDD9-B11DF22C2257}.Debug|x64.Build.0 = Debug|Any CPU
		{7046066E-8308-49A2-BDD9-B11DF22C2257}.Debug|x86.ActiveCfg = Debug|Any CPU
		{7046066E-8308-49A2-BDD9-B11DF22C2257}.Debug|x86.Build.0 = Debug|Any CPU
		{7046066E-8308-49A2-BDD9-B11DF22C2257}.Release|Any CPU.ActiveCfg = Release|Any CPU
		{7046066E-8308-49A2-BDD9-B11DF22C2257}.Release|Any CPU.Build.0 = Release|Any CPU
		{7046066E-8308-49A2-BDD9-B11DF22C2257}.Release|x64.ActiveCfg = Release|Any CPU
		{7046066E-8308-49A2-BDD9-B11DF22C2257}.Release|x64.Build.0 = Release|Any CPU
		{7046066E-8308-49A2-BDD9-B11DF22C2257}.Release|x86.ActiveCfg = Release|Any CPU
		{7046066E-8308-49A2-BDD9-B11DF22C2257}.Release|x86.Build.0 = Release|Any CPU
		{6F271229-3375-46D1-91CF-83F4128AB145}.Debug|Any CPU.ActiveCfg = Debug|Any CPU
		{6F271229-3375-46D1-91CF-83F4128AB145}.Debug|Any CPU.Build.0 = Debug|Any CPU
		{6F271229-3375-46D1-91CF-83F4128AB145}.Debug|x64.ActiveCfg = Debug|Any CPU
		{6F271229-3375-46D1-91CF-83F4128AB145}.Debug|x64.Build.0 = Debug|Any CPU
		{6F271229-3375-46D1-91CF-83F4128AB145}.Debug|x86.ActiveCfg = Debug|Any CPU
		{6F271229-3375-46D1-91CF-83F4128AB145}.Debug|x86.Build.0 = Debug|Any CPU
		{6F271229-3375-46D1-91CF-83F4128AB145}.Release|Any CPU.ActiveCfg = Release|Any CPU
		{6F271229-3375-46D1-91CF-83F4128AB145}.Release|Any CPU.Build.0 = Release|Any CPU
		{6F271229-3375-46D1-91CF-83F4128AB145}.Release|x64.ActiveCfg = Release|Any CPU
		{6F271229-3375-46D1-91CF-83F4128AB145}.Release|x64.Build.0 = Release|Any CPU
		{6F271229-3375-46D1-91CF-83F4128AB145}.Release|x86.ActiveCfg = Release|Any CPU
		{6F271229-3375-46D1-91CF-83F4128AB145}.Release|x86.Build.0 = Release|Any CPU
		{287D9DB4-2EF1-43F9-9193-7BB0F06ECD93}.Debug|Any CPU.ActiveCfg = Debug|Any CPU
		{287D9DB4-2EF1-43F9-9193-7BB0F06ECD93}.Debug|Any CPU.Build.0 = Debug|Any CPU
		{287D9DB4-2EF1-43F9-9193-7BB0F06ECD93}.Debug|x64.ActiveCfg = Debug|Any CPU
		{287D9DB4-2EF1-43F9-9193-7BB0F06ECD93}.Debug|x64.Build.0 = Debug|Any CPU
		{287D9DB4-2EF1-43F9-9193-7BB0F06ECD93}.Debug|x86.ActiveCfg = Debug|Any CPU
		{287D9DB4-2EF1-43F9-9193-7BB0F06ECD93}.Debug|x86.Build.0 = Debug|Any CPU
		{287D9DB4-2EF1-43F9-9193-7BB0F06ECD93}.Release|Any CPU.ActiveCfg = Release|Any CPU
		{287D9DB4-2EF1-43F9-9193-7BB0F06ECD93}.Release|Any CPU.Build.0 = Release|Any CPU
		{287D9DB4-2EF1-43F9-9193-7BB0F06ECD93}.Release|x64.ActiveCfg = Release|Any CPU
		{287D9DB4-2EF1-43F9-9193-7BB0F06ECD93}.Release|x64.Build.0 = Release|Any CPU
		{287D9DB4-2EF1-43F9-9193-7BB0F06ECD93}.Release|x86.ActiveCfg = Release|Any CPU
		{287D9DB4-2EF1-43F9-9193-7BB0F06ECD93}.Release|x86.Build.0 = Release|Any CPU
		{A91F3C22-4E7B-4D6A-9C55-3B2E8D41F70A}.Debug|Any CPU.ActiveCfg = Debug|Any CPU
		{A91F3C22-4E7B-4D6A-9C55-3B2E8D41F70A}.Debug|Any CPU.Build.0 = Debug|Any CPU
		{A91F3C22-4E7B-4D6A-9C55-3B2E8D41F70A}.Debug|x64.ActiveCfg = Debug|Any CPU
		{A91F3C22-4E7B-4D6A-9C55-3B2E8D41F70A}.Debug|x64.Build.0 = Debug|Any CPU
		{A91F3C22-4E7B-4D6A-9C55-3B2E8D41F70A}.Debug|x86.ActiveCfg = Debug|Any CPU
		{A91F3C22-4E7B-4D6A-9C55-3B2E8D41F70A}.Debug|x86.Build.0 = Debug|Any CPU
		{A91F3C22-4E7B-4D6A-9C55-3B2E8D41F70A}.Release|Any CPU.ActiveCfg = Release|Any CPU
		{A91F3C22-4E7B-4D6A-9C55-3B2E8D41F70A}.Release|Any CPU.Build.0 = Release|Any CPU
		{A91F3C22-4E7B-4D6A-9C55-3B2E8D41F70A}.Release|x64.ActiveCfg = Release|Any CPU
		{A91F3C22-4E7B-4D6A-9C55-3B2E8D41F70A}.Release|x64.Build.0 = Release|Any CPU
		{A91F3C22-4E7B-4D6A-9C55-3B2E8D41F70A}.Release|x86.ActiveCfg = Release|Any CPU
		{A91F3C22-4E7B-4D6A-9C55-3B2E8D41F70A}.Release|x86.Build.0 = Release|Any CPU
		{A8B74A09-9C85-41D9-B9F4-105FD1C579A7}.Debug|Any CPU.ActiveCfg = Debug|Any CPU
		{A8B74A09-9C85-41D9-B9F4-105FD1C579A7}.Debug|Any CPU.Build.0 = Debug|Any CPU
		{A8B74A09-9C85-41D9-B9F4-105FD1C579A7}.Debug|x64.ActiveCfg = Debug|Any CPU
		{A8B74A09-9C85-41D9-B9F4-105FD1C579A7}.Debug|x64.Build.0 = Debug|Any CPU
		{A8B74A09-9C85-41D9-B9F4-105FD1C579A7}.Debug|x86.ActiveCfg = Debug|Any CPU
		{A8B74A09-9C85-41D9-B9F4-105FD1C579A7}.Debug|x86.Build.0 = Debug|Any CPU
		{A8B74A09-9C85-41D9-B9F4-105FD1C579A7}.Release|Any CPU.ActiveCfg = Release|Any CPU
		{A8B74A09-9C85-41D9-B9F4-105FD1C579A7}.Release|Any CPU.Build.0 = Release|Any CPU
		{A8B74A09-9C85-41D9-B9F4-105FD1C579A7}.Release|x64.ActiveCfg = Release|Any CPU
		{A8B74A09-9C85-41D9-B9F4-105FD1C579A7}.Release|x64.Build.0 = Release|Any CPU
		{A8B74A09-9C85-41D9-B9F4-105FD1C579A7}.Release|x86.ActiveCfg = Release|Any CPU
		{A8B74A09-9C85-41D9-B9F4-105FD1C579A7}.Release|x86.Build.0 = Release|Any CPU
		{E26C893D-78F7-4D01-A5EB-C2E8DAD2B77B}.Debug|Any CPU.ActiveCfg = Debug|Any CPU
		{E26C893D-78F7-4D01-A5EB-C2E8DAD2B77B}.Debug|Any CPU.Build.0 = Debug|Any CPU
		{E26C893D-78F7-4D01-A5EB-C2E8DAD2B77B}.Debug|x64.ActiveCfg = Debug|Any CPU
		{E26C893D-78F7-4D01-A5EB-C2E8DAD2B77B}.Debug|x64.Build.0 = Debug|Any CPU
		{E26C893D-78F7-4D01-A5EB-C2E8DAD2B77B}.Debug|x86.ActiveCfg = Debug|Any CPU
		{E26C893D-78F7-4D01-A5EB-C2E8DAD2B77B}.Debug|x86.Build.0 = Debug|Any CPU
		{E26C893D-78F7-4D01-A5EB-C2E8DAD2B77B}.Release|Any CPU.ActiveCfg = Release|Any CPU
		{E26C893D-78F7-4D01-A5EB-C2E8DAD2B77B}.Release|Any CPU.Build.0 = Release|Any CPU
		{E26C893D-78F7-4D01-A5EB-C2E8DAD2B77B}.Release|x64.ActiveCfg = Release|Any CPU
		{E26C893D-78F7-4D01-A5EB-C2E8DAD2B77B}.Release|x64.Build.0 = Release|Any CPU
		{E26C893D-78F7-4D01-A5EB-C2E8DAD2B77B}.Release|x86.ActiveCfg = Release|Any CPU
		{E26C893D-78F7-4D01-A5EB-C2E8DAD2B77B}.Release|x86.Build.0 = Release|Any CPU
		{60F29283-7C09-4D80-8827-2920E630E9D7}.Debug|Any CPU.ActiveCfg = Debug|Any CPU
		{60F29283-7C09-4D80-8827-2920E630E9D7}.Debug|Any CPU.Build.0 = Debug|Any CPU
		{60F29283-7C09-4D80-8827-2920E630E9D7}.Debug|x64.ActiveCfg = Debug|Any CPU
		{60F29283-7C09-4D80-8827-2920E630E9D7}.Debug|x64.Build.0 = Debug|Any CPU
		{60F29283-7C09-4D80-8827-2920E630E9D7}.Debug|x86.ActiveCfg = Debug|Any CPU
		{60F29283-7C09-4D80-8827-2920E630E9D7}.Debug|x86.Build.0 = Debug|Any CPU
		{60F29283-7C09-4D80-8827-2920E630E9D7}.Release|Any CPU.ActiveCfg = Release|Any CPU
		{60F29283-7C09-4D80-8827-2920E630E9D7}.Release|Any CPU.Build.0 = Release|Any CPU
		{60F29283-7C09-4D80-8827-2920E630E9D7}.Release|x64.ActiveCfg = Release|Any CPU
		{60F29283-7C09-4D80-8827-2920E630E9D7}.Release|x64.Build.0 = Release|Any CPU
		{60F29283-7C09-4D80-8827-2920E630E9D7}.Release|x86.ActiveCfg = Release|Any CPU
		{60F29283-7C09-4D80-8827-2920E630E9D7}.Release|x86.Build.0 = Release|Any CPU
		{D13104D0-C558-461C-80AB-3333CBE5123E}.Debug|Any CPU.ActiveCfg = Debug|Any CPU
		{D13104D0-C558-461C-80AB-3333CBE5123E}.Debug|Any CPU.Build.0 = Debug|Any CPU
		{D13104D0-C558-461C-80AB-3333CBE5123E}.Debug|x64.ActiveCfg = Debug|Any CPU
		{D13104D0-C558-461C-80AB-3333CBE5123E}.Debug|x64.Build.0 = Debug|Any CPU
		{D13104D0-C558-461C-80AB-3333CBE5123E}.Debug|x86.ActiveCfg = Debug|Any CPU
		{D13104D0-C558-461C-80AB-3333CBE5123E}.Debug|x86.Build.0 = Debug|Any CPU
		{D13104D0-C558-461C-80AB-3333CBE5123E}.Release|Any CPU.ActiveCfg = Release|Any CPU
		{D13104D0-C558-461C-80AB-3333CBE5123E}.Release|Any CPU.Build.0 = Release|Any CPU
		{D13104D0-C558-461C-80AB-3333CBE5123E}.Release|x64.ActiveCfg = Release|Any CPU
		{D13104D0-C558-461C-80AB-3333CBE5123E}.Release|x64.Build.0 = Release|Any CPU
		{D13104D0-C558-461C-80AB-3333CBE5123E}.Release|x86.ActiveCfg = Release|Any CPU
		{D13104D0-C558-461C-80AB-3333CBE5123E}.Release|x86.Build.0 = Release|Any CPU
		{474665ED-460A-4CED-9F21-2D5E9C48FE26}.Debug|Any CPU.ActiveCfg = Debug|Any CPU
		{474665ED-460A-4CED-9F21-2D5E9C48FE26}.Debug|Any CPU.Build.0 = Debug|Any CPU
		{474665ED-460A-4CED-9F21-2D5E9C48FE26}.Debug|x64.ActiveCfg = Debug|Any CPU
		{474665ED-460A-4CED-9F21-2D5E9C48FE26}.Debug|x64.Build.0 = Debug|Any CPU
		{474665ED-460A-4CED-9F21-2D5E9C48FE26}.Debug|x86.ActiveCfg = Debug|Any CPU
		{474665ED-460A-4CED-9F21-2D5E9C48FE26}.Debug|x86.Build.0 = Debug|Any CPU
		{474665ED-460A-4CED-9F21-2D5E9C48FE26}.Release|Any CPU.ActiveCfg = Release|Any CPU
		{474665ED-460A-4CED-9F21-2D5E9C48FE26}.Release|Any CPU.Build.0 = Release|Any CPU
		{474665ED-460A-4CED-9F21-2D5E9C48FE26}.Release|x64.ActiveCfg = Release|Any CPU
		{474665ED-460A-4CED-9F21-2D5E9C48FE26}.Release|x64.Build.0 = Release|Any CPU
		{474665ED-460A-4CED-9F21-2D5E9C48FE26}.Release|x86.ActiveCfg = Release|Any CPU
		{474665ED-460A-4CED-9F21-2D5E9C48FE26}.Release|x86.Build.0 = Release|Any CPU
		{F1217FA6-FCFD-4950-BEE7-22ADE3E4A6DB}.Debug|Any CPU.ActiveCfg = Debug|Any CPU
		{F1217FA6-FCFD-4950-BEE7-22ADE3E4A6DB}.Debug|Any CPU.Build.0 = Debug|Any CPU
		{F1217FA6-FCFD-4950-BEE7-22ADE3E4A6DB}.Debug|x64.ActiveCfg = Debug|Any CPU
		{F1217FA6-FCFD-4950-BEE7-22ADE3E4A6DB}.Debug|x64.Build.0 = Debug|Any CPU
		{F1217FA6-FCFD-4950-BEE7-22ADE3E4A6DB}.Debug|x86.ActiveCfg = Debug|Any CPU
		{F1217FA6-FCFD-4950-BEE7-22ADE3E4A6DB}.Debug|x86.Build.0 = Debug|Any CPU
		{F1217FA6-FCFD-4950-BEE7-22ADE3E4A6DB}.Release|Any CPU.ActiveCfg = Release|Any CPU
		{F1217FA6-FCFD-4950-BEE7-22ADE3E4A6DB}.Release|Any CPU.Build.0 = Release|Any CPU
		{F1217FA6-FCFD-4950-BEE7-22ADE3E4A6DB}.Release|x64.ActiveCfg = Release|Any CPU
		{F1217FA6-FCFD-4950-BEE7-22ADE3E4A6DB}.Release|x64.Build.0 = Release|Any CPU
		{F1217FA6-FCFD-4950-BEE7-22ADE3E4A6DB}.Release|x86.ActiveCfg = Release|Any CPU
		{F1217FA6-FCFD-4950-BEE7-22ADE3E4A6DB}.Release|x86.Build.0 = Release|Any CPU
	EndGlobalSection
	GlobalSection(SolutionProperties) = preSolution
		HideSolutionNode = FALSE
	EndGlobalSection
EndGlobal
