
Microsoft Visual Studio Solution File, Format Version 12.00
# Visual Studio Version 17
VisualStudioVersion = 17.0.31903.59
MinimumVisualStudioVersion = 10.0.40219.1
Project("{FAE04EC0-301F-11D3-BF4B-00C04F79EFBC}") = "UniClaw.Runtime", "UniClaw.Runtime\UniClaw.Runtime.csproj", "{FB7D8606-06C2-4523-9CDA-BBB2C634762B}"
EndProject
Project("{FAE04EC0-301F-11D3-BF4B-00C04F79EFBC}") = "UniClaw.Runtime.Tests", "..\tests\UniClaw.Runtime.Tests\UniClaw.Runtime.Tests.csproj", "{0C215E2A-BB23-4C6A-AB95-C1071EBE4E24}"
EndProject
Project("{FAE04EC0-301F-11D3-BF4B-00C04F79EFBC}") = "UniClaw.Runtime.Adapters", "UniClaw.Runtime.Adapters\UniClaw.Runtime.Adapters.csproj", "{7046066E-8308-49A2-BDD9-B11DF22C2257}"
EndProject
Project("{FAE04EC0-301F-11D3-BF4B-00C04F79EFBC}") = "UniClaw.Runtime.Harness", "UniClaw.Runtime.Harness\UniClaw.Runtime.Harness.csproj", "{6F271229-3375-46D1-91CF-83F4128AB145}"
EndProject
Project("{FAE04EC0-301F-11D3-BF4B-00C04F79EFBC}") = "UniClaw.Vision.Host", "UniClaw.Vision.Host\UniClaw.Vision.Host.csproj", "{287D9DB4-2EF1-43F9-9193-7BB0F06ECD93}"
EndProject
Global
	GlobalSection(SolutionConfigurationPlatforms) = preSolution
		Debug|Any CPU = Debug|Any CPU
		Debug|x64 = Debug|x64
		Debug|x86 = Debug|x86
		Release|Any CPU = Release|Any CPU
		Release|x64 = Release|x64
		Release|x86 = Release|x86
	EndGlobalSection
	GlobalSection(ProjectConfigurationPlatforms) = postSolution
		{FB7D8606-06C2-4523-9CDA-BBB2C634762B}.Debug|Any CPU.ActiveCfg = Debug|Any CPU
		{FB7D8606-06C2-4523-9CDA-BBB2C634762B}.Debug|Any CPU.Build.0 = Debug|Any CPU
		{FB7D8606-06C2-4523-9CDA-BBB2C634762B}.Debug|x64.ActiveCfg = Debug|Any CPU
		{FB7D8606-06C2-4523-9CDA-BBB2C634762B}.Debug|x64.Build.0 = Debug|Any CPU
		{FB7D8606-06C2-4523-9CDA-BBB2C634762B}.Debug|x86.ActiveCfg = Debug|Any CPU
		{FB7D8606-06C2-4523-9CDA-BBB2C634762B}.Debug|x86.Build.0 = Debug|Any CPU
		{FB7D8606-06C2-4523-9CDA-BBB2C634762B}.Release|Any CPU.ActiveCfg = Release|Any CPU
		{FB7D8606-06C2-4523-9CDA-BBB2C634762B}.Release|Any CPU.Build.0 = Release|Any CPU
		{FB7D8606-06C2-4523-9CDA-BBB2C634762B}.Release|x64.ActiveCfg = Release|Any CPU
		{FB7D8606-06C2-4523-9CDA-BBB2C634762B}.Release|x64.Build.0 = Release|Any CPU
		{FB7D8606-06C2-4523-9CDA-BBB2C634762B}.Release|x86.ActiveCfg = Release|Any CPU
		{FB7D8606-06C2-4523-9CDA-BBB2C634762B}.Release|x86.Build.0 = Release|Any CPU
		{0C215E2A-BB23-4C6A-AB95-C1071EBE4E24}.Debug|Any CPU.ActiveCfg = Debug|Any CPU
		{0C215E2A-BB23-4C6A-AB95-C1071EBE4E24}.Debug|Any CPU.Build.0 = Debug|Any CPU
		{0C215E2A-BB23-4C6A-AB95-C1071EBE4E24}.Debug|x64.ActiveCfg = Debug|Any CPU
		{0C215E2A-BB23-4C6A-AB95-C1071EBE4E24}.Debug|x64.Build.0 = Debug|Any CPU
		{0C215E2A-BB23-4C6A-AB95-C1071EBE4E24}.Debug|x86.ActiveCfg = Debug|Any CPU
		{0C215E2A-BB23-4C6A-AB95-C1071EBE4E24}.Debug|x86.Build.0 = Debug|Any CPU
		{0C215E2A-BB23-4C6A-AB95-C1071EBE4E24}.Release|Any CPU.ActiveCfg = Release|Any CPU
		{0C215E2A-BB23-4C6A-AB95-C1071EBE4E24}.Release|Any CPU.Build.0 = Release|Any CPU
		{0C215E2A-BB23-4C6A-AB95-C1071EBE4E24}.Release|x64.ActiveCfg = Release|Any CPU
		{0C215E2A-BB23-4C6A-AB95-C1071EBE4E24}.Release|x64.Build.0 = Release|Any CPU
		{0C215E2A-BB23-4C6A-AB95-C1071EBE4E24}.Release|x86.ActiveCfg = Release|Any CPU
		{0C215E2A-BB23-4C6A-AB95-C1071EBE4E24}.Release|x86.Build.0 = Release|Any CPU
		{7046066E-8308-49A2-BDD9-B11DF22C2257}.Debug|Any CPU.ActiveCfg = Debug|Any CPU
		{7046066E-8308-49A2-BDD9-B11DF22C2257}.Debug|Any CPU.Build.0 = Debug|Any CPU
		{7046066E-8308-49A2-BDD9-B11DF22C2257}.Debug|x64.ActiveCfg = Debug|Any CPU
		{7046066E-8308-49A2-BDD9-B11DF22C2257}.Debug|x64.Build.0 = Debug|Any CPU
		{7046066E-8308-49A2-BDD9-B11DF22C2257}.Debug|x86.ActiveCfg = Debug|Any CPU
		{7046066E-8308-49A2-BDD9-B11DF22C2257}.Debug|x86.Build.0 = Debug|Any CPU
		{7046066E-8308-49A2-BDD9-B11DF22C2257}.Release|Any CPU.ActiveCfg = Release|Any CPU
		{7046066E-8308-49A2-BDD9-B11DF22C2257}.Release|Any CPU.Build.0 = Release|Any CPU
		{7046066E-8308-49A2-BDD9-B11DF22C2257}.Release|x64.ActiveCfg = Release|Any CPU
		{7046066E-8308-49A2-BDD9-B11DF22C2257}.Release|x64.Build.0 = Release|Any CPU
		{7046066E-8308-49A2-BDD9-B11DF22C2257}.Release|x86.ActiveCfg = Release|Any CPU
		{7046066E-8308-49A2-BDD9-B11DF22C2257}.Release|x86.Build.0 = Release|Any CPU
		{6F271229-3375-46D1-91CF-83F4128AB145}.Debug|Any CPU.ActiveCfg = Debug|Any CPU
		{6F271229-3375-46D1-91CF-83F4128AB145}.Debug|Any CPU.Build.0 = Debug|Any CPU
		{6F271229-3375-46D1-91CF-83F4128AB145}.Debug|x64.ActiveCfg = Debug|Any CPU
		{6F271229-3375-46D1-91CF-83F4128AB145}.Debug|x64.Build.0 = Debug|Any CPU
		{6F271229-3375-46D1-91CF-83F4128AB145}.Debug|x86.ActiveCfg = Debug|Any CPU
		{6F271229-3375-46D1-91CF-83F4128AB145}.Debug|x86.Build.0 = Debug|Any CPU
		{6F271229-3375-46D1-91CF-83F4128AB145}.Release|Any CPU.ActiveCfg = Release|Any CPU
		{6F271229-3375-46D1-91CF-83F4128AB145}.Release|Any CPU.Build.0 = Release|Any CPU
		{6F271229-3375-46D1-91CF-83F4128AB145}.Release|x64.ActiveCfg = Release|Any CPU
		{6F271229-3375-46D1-91CF-83F4128AB145}.Release|x64.Build.0 = Release|Any CPU
		{6F271229-3375-46D1-91CF-83F4128AB145}.Release|x86.ActiveCfg = Release|Any CPU
		{6F271229-3375-46D1-91CF-83F4128AB145}.Release|x86.Build.0 = Release|Any CPU
		{287D9DB4-2EF1-43F9-9193-7BB0F06ECD93}.Debug|Any CPU.ActiveCfg = Debug|Any CPU
		{287D9DB4-2EF1-43F9-9193-7BB0F06ECD93}.Debug|Any CPU.Build.0 = Debug|Any CPU
		{287D9DB4-2EF1-43F9-9193-7BB0F06ECD93}.Debug|x64.ActiveCfg = Debug|Any CPU
		{287D9DB4-2EF1-43F9-9193-7BB0F06ECD93}.Debug|x64.Build.0 = Debug|Any CPU
		{287D9DB4-2EF1-43F9-9193-7BB0F06ECD93}.Debug|x86.ActiveCfg = Debug|Any CPU
		{287D9DB4-2EF1-43F9-9193-7BB0F06ECD93}.Debug|x86.Build.0 = Debug|Any CPU
		{287D9DB4-2EF1-43F9-9193-7BB0F06ECD93}.Release|Any CPU.ActiveCfg = Release|Any CPU
		{287D9DB4-2EF1-43F9-9193-7BB0F06ECD93}.Release|Any CPU.Build.0 = Release|Any CPU
		{287D9DB4-2EF1-43F9-9193-7BB0F06ECD93}.Release|x64.ActiveCfg = Release|Any CPU
		{287D9DB4-2EF1-43F9-9193-7BB0F06ECD93}.Release|x64.Build.0 = Release|Any CPU
		{287D9DB4-2EF1-43F9-9193-7BB0F06ECD93}.Release|x86.ActiveCfg = Release|Any CPU
		{287D9DB4-2EF1-43F9-9193-7BB0F06ECD93}.Release|x86.Build.0 = Release|Any CPU
	EndGlobalSection
	GlobalSection(SolutionProperties) = preSolution
		HideSolutionNode = FALSE
	EndGlobalSection
EndGlobal
